{
  "name": "Horizontally-Scaling-Node.js-Websockets-Talk",
  "requires": true,
  "lockfileVersion": 1,
  "dependencies": {
    "options": {
      "version": "0.0.6",
      "resolved": "https://registry.npmjs.org/options/-/options-0.0.6.tgz",
      "integrity": "sha1-7CLTEoBrtT5zF3Pnza788cZDEo8="
    },
    "submono": {
      "version": "0.1.1",
      "resolved": "https://registry.npmjs.org/submono/-/submono-0.1.1.tgz",
      "integrity": "sha1-OXerJasJrhDJhSYAr+okl4FsAyc="
    },
    "ultron": {
      "version": "1.0.2",
      "resolved": "https://registry.npmjs.org/ultron/-/ultron-1.0.2.tgz",
      "integrity": "sha1-rOEWq1V80Zc4ak6I9GhTeMiy5Po="
    },
    "ws": {
      "version": "1.1.1",
      "resolved": "https://registry.npmjs.org/ws/-/ws-1.1.1.tgz",
      "integrity": "sha1-CC3bbGQehdS7RR8D1S8G6r2x8Bg=",
      "requires": {
        "options": ">=0.0.5",
        "ultron": "1.0.x"
      }
    }
  }
}
